
Microsoft Visual Studio Solution File, Format Version 12.00
# Visual Studio Version 17
VisualStudioVersion = 17.4.33205.214
MinimumVisualStudioVersion = 10.0.40219.1
Project("{9A19103F-16F7-4668-BE54-9A1E7A4F7556}") = "Experiment", "Experiment\Experiment.csproj", "{6BEB6077-E905-4754-9B95-FD9E8CD95F1C}"
EndProject
Project("{9A19103F-16F7-4668-BE54-9A1E7A4F7556}") = "EncoderBenchmarkTest", "EncoderBenchmarkTest\EncoderBenchmarkTest.csproj", "{83940C16-51B2-46E4-BA0E-ECC1AB87D9CA}"
EndProject
Project("{9A19103F-16F7-4668-BE54-9A1E7A4F7556}") = "ChapterConverter", "ChapterConverter\ChapterConverter.csproj", "{FE5EE9EB-7E51-4C4A-9840-3ED049F51F6C}"
EndProject
Project("{2150E333-8FDC-42A3-9474-1A3956D46DE8}") = "Solution Items", "Solution Items", "{FC68CED9-4DD0-4157-B655-9B600B05A0AE}"
	ProjectSection(SolutionItems) = preProject
		.editorconfig = .editorconfig
	EndProjectSection
EndProject
Project("{9A19103F-16F7-4668-BE54-9A1E7A4F7556}") = "MatroskaBatchToolBox.Utility", "MatroskaBatchToolBox.Utility\MatroskaBatchToolBox.Utility.csproj", "{0A5FAA1C-2588-425C-B30D-615B1DDF4025}"
EndProject
Project("{8BC9CEB8-8B4A-11D0-8D11-00A0C91BC942}") = "Experiment.Cpp", "Experiment.Cpp\Experiment.Cpp.vcxproj", "{803FBAF1-8F0E-484E-80C4-1BFFD74FB7E5}"
EndProject
Project("{9A19103F-16F7-4668-BE54-9A1E7A4F7556}") = "Palmtree.Movie.Ffmpeg", "Palmtree.Movie.Ffmpeg\Palmtree.Movie.Ffmpeg.csproj", "{85AFDA64-4A2E-437A-B422-8DE020E2B18E}"
EndProject
Project("{9A19103F-16F7-4668-BE54-9A1E7A4F7556}") = "AudioNormalizer", "AudioNormalizer\AudioNormalizer.csproj", "{E01FB94F-3F6E-4DEB-971B-9213326915C5}"
EndProject
Project("{9A19103F-16F7-4668-BE54-9A1E7A4F7556}") = "MovieMetadataEditor", "MovieMetadataEditor\MovieMetadataEditor.csproj", "{5D61E674-7945-4CCE-95C1-2D2B3E1F947F}"
EndProject
Project("{9A19103F-16F7-4668-BE54-9A1E7A4F7556}") = "LyricsChecker", "LyricsChecker\LyricsChecker.csproj", "{E2CF8FB7-5BE3-4E11-A4C1-4BE9ECC55A27}"
EndProject
Project("{9A19103F-16F7-4668-BE54-9A1E7A4F7556}") = "DumpMusicMetadata", "DumpMusicMetadata\DumpMusicMetadata.csproj", "{CDEE2B5E-F6D7-4310-9E04-A3B13E3717D2}"
EndProject
Project("{FAE04EC0-301F-11D3-BF4B-00C04F79EFBC}") = "ConcatMovie", "ConcatMovie\ConcatMovie.csproj", "{CB152D2E-9B65-4077-A78C-84FCA6FF7BC2}"
EndProject
Project("{FAE04EC0-301F-11D3-BF4B-00C04F79EFBC}") = "CheckDuration", "CheckDuration\CheckDuration.csproj", "{5EF21013-4851-465D-ABEF-0FF61A510C23}"
EndProject
Global
	GlobalSection(SolutionConfigurationPlatforms) = preSolution
		Debug|Any CPU = Debug|Any CPU
		Debug|ARM = Debug|ARM
		Debug|ARM64 = Debug|ARM64
		Debug|x64 = Debug|x64
		Debug|x86 = Debug|x86
		Release|Any CPU = Release|Any CPU
		Release|ARM = Release|ARM
		Release|ARM64 = Release|ARM64
		Release|x64 = Release|x64
		Release|x86 = Release|x86
	EndGlobalSection
	GlobalSection(ProjectConfigurationPlatforms) = postSolution
		{6BEB6077-E905-4754-9B95-FD9E8CD95F1C}.Debug|Any CPU.ActiveCfg = Debug|Any CPU
		{6BEB6077-E905-4754-9B95-FD9E8CD95F1C}.Debug|Any CPU.Build.0 = Debug|Any CPU
		{6BEB6077-E905-4754-9B95-FD9E8CD95F1C}.Debug|ARM.ActiveCfg = Debug|Any CPU
		{6BEB6077-E905-4754-9B95-FD9E8CD95F1C}.Debug|ARM.Build.0 = Debug|Any CPU
		{6BEB6077-E905-4754-9B95-FD9E8CD95F1C}.Debug|ARM64.ActiveCfg = Debug|Any CPU
		{6BEB6077-E905-4754-9B95-FD9E8CD95F1C}.Debug|ARM64.Build.0 = Debug|Any CPU
		{6BEB6077-E905-4754-9B95-FD9E8CD95F1C}.Debug|x64.ActiveCfg = Debug|Any CPU
		{6BEB6077-E905-4754-9B95-FD9E8CD95F1C}.Debug|x64.Build.0 = Debug|Any CPU
		{6BEB6077-E905-4754-9B95-FD9E8CD95F1C}.Debug|x86.ActiveCfg = Debug|Any CPU
		{6BEB6077-E905-4754-9B95-FD9E8CD95F1C}.Debug|x86.Build.0 = Debug|Any CPU
		{6BEB6077-E905-4754-9B95-FD9E8CD95F1C}.Release|Any CPU.ActiveCfg = Release|Any CPU
		{6BEB6077-E905-4754-9B95-FD9E8CD95F1C}.Release|Any CPU.Build.0 = Release|Any CPU
		{6BEB6077-E905-4754-9B95-FD9E8CD95F1C}.Release|ARM.ActiveCfg = Release|Any CPU
		{6BEB6077-E905-4754-9B95-FD9E8CD95F1C}.Release|ARM.Build.0 = Release|Any CPU
		{6BEB6077-E905-4754-9B95-FD9E8CD95F1C}.Release|ARM64.ActiveCfg = Release|Any CPU
		{6BEB6077-E905-4754-9B95-FD9E8CD95F1C}.Release|ARM64.Build.0 = Release|Any CPU
		{6BEB6077-E905-4754-9B95-FD9E8CD95F1C}.Release|x64.ActiveCfg = Release|Any CPU
		{6BEB6077-E905-4754-9B95-FD9E8CD95F1C}.Release|x64.Build.0 = Release|Any CPU
		{6BEB6077-E905-4754-9B95-FD9E8CD95F1C}.Release|x86.ActiveCfg = Release|Any CPU
		{6BEB6077-E905-4754-9B95-FD9E8CD95F1C}.Release|x86.Build.0 = Release|Any CPU
		{83940C16-51B2-46E4-BA0E-ECC1AB87D9CA}.Debug|Any CPU.ActiveCfg = Debug|Any CPU
		{83940C16-51B2-46E4-BA0E-ECC1AB87D9CA}.Debug|Any CPU.Build.0 = Debug|Any CPU
		{83940C16-51B2-46E4-BA0E-ECC1AB87D9CA}.Debug|ARM.ActiveCfg = Debug|Any CPU
		{83940C16-51B2-46E4-BA0E-ECC1AB87D9CA}.Debug|ARM.Build.0 = Debug|Any CPU
		{83940C16-51B2-46E4-BA0E-ECC1AB87D9CA}.Debug|ARM64.ActiveCfg = Debug|Any CPU
		{83940C16-51B2-46E4-BA0E-ECC1AB87D9CA}.Debug|ARM64.Build.0 = Debug|Any CPU
		{83940C16-51B2-46E4-BA0E-ECC1AB87D9CA}.Debug|x64.ActiveCfg = Debug|Any CPU
		{83940C16-51B2-46E4-BA0E-ECC1AB87D9CA}.Debug|x64.Build.0 = Debug|Any CPU
		{83940C16-51B2-46E4-BA0E-ECC1AB87D9CA}.Debug|x86.ActiveCfg = Debug|Any CPU
		{83940C16-51B2-46E4-BA0E-ECC1AB87D9CA}.Debug|x86.Build.0 = Debug|Any CPU
		{83940C16-51B2-46E4-BA0E-ECC1AB87D9CA}.Release|Any CPU.ActiveCfg = Release|Any CPU
		{83940C16-51B2-46E4-BA0E-ECC1AB87D9CA}.Release|Any CPU.Build.0 = Release|Any CPU
		{83940C16-51B2-46E4-BA0E-ECC1AB87D9CA}.Release|ARM.ActiveCfg = Release|Any CPU
		{83940C16-51B2-46E4-BA0E-ECC1AB87D9CA}.Release|ARM.Build.0 = Release|Any CPU
		{83940C16-51B2-46E4-BA0E-ECC1AB87D9CA}.Release|ARM64.ActiveCfg = Release|Any CPU
		{83940C16-51B2-46E4-BA0E-ECC1AB87D9CA}.Release|ARM64.Build.0 = Release|Any CPU
		{83940C16-51B2-46E4-BA0E-ECC1AB87D9CA}.Release|x64.ActiveCfg = Release|Any CPU
		{83940C16-51B2-46E4-BA0E-ECC1AB87D9CA}.Release|x64.Build.0 = Release|Any CPU
		{83940C16-51B2-46E4-BA0E-ECC1AB87D9CA}.Release|x86.ActiveCfg = Release|Any CPU
		{83940C16-51B2-46E4-BA0E-ECC1AB87D9CA}.Release|x86.Build.0 = Release|Any CPU
		{FE5EE9EB-7E51-4C4A-9840-3ED049F51F6C}.Debug|Any CPU.ActiveCfg = Debug|Any CPU
		{FE5EE9EB-7E51-4C4A-9840-3ED049F51F6C}.Debug|Any CPU.Build.0 = Debug|Any CPU
		{FE5EE9EB-7E51-4C4A-9840-3ED049F51F6C}.Debug|ARM.ActiveCfg = Debug|Any CPU
		{FE5EE9EB-7E51-4C4A-9840-3ED049F51F6C}.Debug|ARM.Build.0 = Debug|Any CPU
		{FE5EE9EB-7E51-4C4A-9840-3ED049F51F6C}.Debug|ARM64.ActiveCfg = Debug|Any CPU
		{FE5EE9EB-7E51-4C4A-9840-3ED049F51F6C}.Debug|ARM64.Build.0 = Debug|Any CPU
		{FE5EE9EB-7E51-4C4A-9840-3ED049F51F6C}.Debug|x64.ActiveCfg = Debug|Any CPU
		{FE5EE9EB-7E51-4C4A-9840-3ED049F51F6C}.Debug|x64.Build.0 = Debug|Any CPU
		{FE5EE9EB-7E51-4C4A-9840-3ED049F51F6C}.Debug|x86.ActiveCfg = Debug|Any CPU
		{FE5EE9EB-7E51-4C4A-9840-3ED049F51F6C}.Debug|x86.Build.0 = Debug|Any CPU
		{FE5EE9EB-7E51-4C4A-9840-3ED049F51F6C}.Release|Any CPU.ActiveCfg = Release|Any CPU
		{FE5EE9EB-7E51-4C4A-9840-3ED049F51F6C}.Release|Any CPU.Build.0 = Release|Any CPU
		{FE5EE9EB-7E51-4C4A-9840-3ED049F51F6C}.Release|ARM.ActiveCfg = Release|Any CPU
		{FE5EE9EB-7E51-4C4A-9840-3ED049F51F6C}.Release|ARM.Build.0 = Release|Any CPU
		{FE5EE9EB-7E51-4C4A-9840-3ED049F51F6C}.Release|ARM64.ActiveCfg = Release|Any CPU
		{FE5EE9EB-7E51-4C4A-9840-3ED049F51F6C}.Release|ARM64.Build.0 = Release|Any CPU
		{FE5EE9EB-7E51-4C4A-9840-3ED049F51F6C}.Release|x64.ActiveCfg = Release|Any CPU
		{FE5EE9EB-7E51-4C4A-9840-3ED049F51F6C}.Release|x64.Build.0 = Release|Any CPU
		{FE5EE9EB-7E51-4C4A-9840-3ED049F51F6C}.Release|x86.ActiveCfg = Release|Any CPU
		{FE5EE9EB-7E51-4C4A-9840-3ED049F51F6C}.Release|x86.Build.0 = Release|Any CPU
		{0A5FAA1C-2588-425C-B30D-615B1DDF4025}.Debug|Any CPU.ActiveCfg = Debug|Any CPU
		{0A5FAA1C-2588-425C-B30D-615B1DDF4025}.Debug|Any CPU.Build.0 = Debug|Any CPU
		{0A5FAA1C-2588-425C-B30D-615B1DDF4025}.Debug|ARM.ActiveCfg = Debug|Any CPU
		{0A5FAA1C-2588-425C-B30D-615B1DDF4025}.Debug|ARM.Build.0 = Debug|Any CPU
		{0A5FAA1C-2588-425C-B30D-615B1DDF4025}.Debug|ARM64.ActiveCfg = Debug|Any CPU
		{0A5FAA1C-2588-425C-B30D-615B1DDF4025}.Debug|ARM64.Build.0 = Debug|Any CPU
		{0A5FAA1C-2588-425C-B30D-615B1DDF4025}.Debug|x64.ActiveCfg = Debug|Any CPU
		{0A5FAA1C-2588-425C-B30D-615B1DDF4025}.Debug|x64.Build.0 = Debug|Any CPU
		{0A5FAA1C-2588-425C-B30D-615B1DDF4025}.Debug|x86.ActiveCfg = Debug|Any CPU
		{0A5FAA1C-2588-425C-B30D-615B1DDF4025}.Debug|x86.Build.0 = Debug|Any CPU
		{0A5FAA1C-2588-425C-B30D-615B1DDF4025}.Release|Any CPU.ActiveCfg = Release|Any CPU
		{0A5FAA1C-2588-425C-B30D-615B1DDF4025}.Release|Any CPU.Build.0 = Release|Any CPU
		{0A5FAA1C-2588-425C-B30D-615B1DDF4025}.Release|ARM.ActiveCfg = Release|Any CPU
		{0A5FAA1C-2588-425C-B30D-615B1DDF4025}.Release|ARM.Build.0 = Release|Any CPU
		{0A5FAA1C-2588-425C-B30D-615B1DDF4025}.Release|ARM64.ActiveCfg = Release|Any CPU
		{0A5FAA1C-2588-425C-B30D-615B1DDF4025}.Release|ARM64.Build.0 = Release|Any CPU
		{0A5FAA1C-2588-425C-B30D-615B1DDF4025}.Release|x64.ActiveCfg = Release|Any CPU
		{0A5FAA1C-2588-425C-B30D-615B1DDF4025}.Release|x64.Build.0 = Release|Any CPU
		{0A5FAA1C-2588-425C-B30D-615B1DDF4025}.Release|x86.ActiveCfg = Release|Any CPU
		{0A5FAA1C-2588-425C-B30D-615B1DDF4025}.Release|x86.Build.0 = Release|Any CPU
		{803FBAF1-8F0E-484E-80C4-1BFFD74FB7E5}.Debug|Any CPU.ActiveCfg = Debug|x64
		{803FBAF1-8F0E-484E-80C4-1BFFD74FB7E5}.Debug|Any CPU.Build.0 = Debug|x64
		{803FBAF1-8F0E-484E-80C4-1BFFD74FB7E5}.Debug|ARM.ActiveCfg = Debug|x64
		{803FBAF1-8F0E-484E-80C4-1BFFD74FB7E5}.Debug|ARM.Build.0 = Debug|x64
		{803FBAF1-8F0E-484E-80C4-1BFFD74FB7E5}.Debug|ARM64.ActiveCfg = Debug|x64
		{803FBAF1-8F0E-484E-80C4-1BFFD74FB7E5}.Debug|ARM64.Build.0 = Debug|x64
		{803FBAF1-8F0E-484E-80C4-1BFFD74FB7E5}.Debug|x64.ActiveCfg = Debug|x64
		{803FBAF1-8F0E-484E-80C4-1BFFD74FB7E5}.Debug|x64.Build.0 = Debug|x64
		{803FBAF1-8F0E-484E-80C4-1BFFD74FB7E5}.Debug|x86.ActiveCfg = Debug|Win32
		{803FBAF1-8F0E-484E-80C4-1BFFD74FB7E5}.Debug|x86.Build.0 = Debug|Win32
		{803FBAF1-8F0E-484E-80C4-1BFFD74FB7E5}.Release|Any CPU.ActiveCfg = Release|x64
		{803FBAF1-8F0E-484E-80C4-1BFFD74FB7E5}.Release|Any CPU.Build.0 = Release|x64
		{803FBAF1-8F0E-484E-80C4-1BFFD74FB7E5}.Release|ARM.ActiveCfg = Release|x64
		{803FBAF1-8F0E-484E-80C4-1BFFD74FB7E5}.Release|ARM.Build.0 = Release|x64
		{803FBAF1-8F0E-484E-80C4-1BFFD74FB7E5}.Release|ARM64.ActiveCfg = Release|x64
		{803FBAF1-8F0E-484E-80C4-1BFFD74FB7E5}.Release|ARM64.Build.0 = Release|x64
		{803FBAF1-8F0E-484E-80C4-1BFFD74FB7E5}.Release|x64.ActiveCfg = Release|x64
		{803FBAF1-8F0E-484E-80C4-1BFFD74FB7E5}.Release|x64.Build.0 = Release|x64
		{803FBAF1-8F0E-484E-80C4-1BFFD74FB7E5}.Release|x86.ActiveCfg = Release|Win32
		{803FBAF1-8F0E-484E-80C4-1BFFD74FB7E5}.Release|x86.Build.0 = Release|Win32
		{85AFDA64-4A2E-437A-B422-8DE020E2B18E}.Debug|Any CPU.ActiveCfg = Debug|Any CPU
		{85AFDA64-4A2E-437A-B422-8DE020E2B18E}.Debug|Any CPU.Build.0 = Debug|Any CPU
		{85AFDA64-4A2E-437A-B422-8DE020E2B18E}.Debug|ARM.ActiveCfg = Debug|Any CPU
		{85AFDA64-4A2E-437A-B422-8DE020E2B18E}.Debug|ARM.Build.0 = Debug|Any CPU
		{85AFDA64-4A2E-437A-B422-8DE020E2B18E}.Debug|ARM64.ActiveCfg = Debug|Any CPU
		{85AFDA64-4A2E-437A-B422-8DE020E2B18E}.Debug|ARM64.Build.0 = Debug|Any CPU
		{85AFDA64-4A2E-437A-B422-8DE020E2B18E}.Debug|x64.ActiveCfg = Debug|Any CPU
		{85AFDA64-4A2E-437A-B422-8DE020E2B18E}.Debug|x64.Build.0 = Debug|Any CPU
		{85AFDA64-4A2E-437A-B422-8DE020E2B18E}.Debug|x86.ActiveCfg = Debug|Any CPU
		{85AFDA64-4A2E-437A-B422-8DE020E2B18E}.Debug|x86.Build.0 = Debug|Any CPU
		{85AFDA64-4A2E-437A-B422-8DE020E2B18E}.Release|Any CPU.ActiveCfg = Release|Any CPU
		{85AFDA64-4A2E-437A-B422-8DE020E2B18E}.Release|Any CPU.Build.0 = Release|Any CPU
		{85AFDA64-4A2E-437A-B422-8DE020E2B18E}.Release|ARM.ActiveCfg = Release|Any CPU
		{85AFDA64-4A2E-437A-B422-8DE020E2B18E}.Release|ARM.Build.0 = Release|Any CPU
		{85AFDA64-4A2E-437A-B422-8DE020E2B18E}.Release|ARM64.ActiveCfg = Release|Any CPU
		{85AFDA64-4A2E-437A-B422-8DE020E2B18E}.Release|ARM64.Build.0 = Release|Any CPU
		{85AFDA64-4A2E-437A-B422-8DE020E2B18E}.Release|x64.ActiveCfg = Release|Any CPU
		{85AFDA64-4A2E-437A-B422-8DE020E2B18E}.Release|x64.Build.0 = Release|Any CPU
		{85AFDA64-4A2E-437A-B422-8DE020E2B18E}.Release|x86.ActiveCfg = Release|Any CPU
		{85AFDA64-4A2E-437A-B422-8DE020E2B18E}.Release|x86.Build.0 = Release|Any CPU
		{E01FB94F-3F6E-4DEB-971B-9213326915C5}.Debug|Any CPU.ActiveCfg = Debug|Any CPU
		{E01FB94F-3F6E-4DEB-971B-9213326915C5}.Debug|Any CPU.Build.0 = Debug|Any CPU
		{E01FB94F-3F6E-4DEB-971B-9213326915C5}.Debug|ARM.ActiveCfg = Debug|Any CPU
		{E01FB94F-3F6E-4DEB-971B-9213326915C5}.Debug|ARM.Build.0 = Debug|Any CPU
		{E01FB94F-3F6E-4DEB-971B-9213326915C5}.Debug|ARM64.ActiveCfg = Debug|Any CPU
		{E01FB94F-3F6E-4DEB-971B-9213326915C5}.Debug|ARM64.Build.0 = Debug|Any CPU
		{E01FB94F-3F6E-4DEB-971B-9213326915C5}.Debug|x64.ActiveCfg = Debug|Any CPU
		{E01FB94F-3F6E-4DEB-971B-9213326915C5}.Debug|x64.Build.0 = Debug|Any CPU
		{E01FB94F-3F6E-4DEB-971B-9213326915C5}.Debug|x86.ActiveCfg = Debug|Any CPU
		{E01FB94F-3F6E-4DEB-971B-9213326915C5}.Debug|x86.Build.0 = Debug|Any CPU
		{E01FB94F-3F6E-4DEB-971B-9213326915C5}.Release|Any CPU.ActiveCfg = Release|Any CPU
		{E01FB94F-3F6E-4DEB-971B-9213326915C5}.Release|Any CPU.Build.0 = Release|Any CPU
		{E01FB94F-3F6E-4DEB-971B-9213326915C5}.Release|ARM.ActiveCfg = Release|Any CPU
		{E01FB94F-3F6E-4DEB-971B-9213326915C5}.Release|ARM.Build.0 = Release|Any CPU
		{E01FB94F-3F6E-4DEB-971B-9213326915C5}.Release|ARM64.ActiveCfg = Release|Any CPU
		{E01FB94F-3F6E-4DEB-971B-9213326915C5}.Release|ARM64.Build.0 = Release|Any CPU
		{E01FB94F-3F6E-4DEB-971B-9213326915C5}.Release|x64.ActiveCfg = Release|Any CPU
		{E01FB94F-3F6E-4DEB-971B-9213326915C5}.Release|x64.Build.0 = Release|Any CPU
		{E01FB94F-3F6E-4DEB-971B-9213326915C5}.Release|x86.ActiveCfg = Release|Any CPU
		{E01FB94F-3F6E-4DEB-971B-9213326915C5}.Release|x86.Build.0 = Release|Any CPU
		{5D61E674-7945-4CCE-95C1-2D2B3E1F947F}.Debug|Any CPU.ActiveCfg = Debug|Any CPU
		{5D61E674-7945-4CCE-95C1-2D2B3E1F947F}.Debug|Any CPU.Build.0 = Debug|Any CPU
		{5D61E674-7945-4CCE-95C1-2D2B3E1F947F}.Debug|ARM.ActiveCfg = Debug|Any CPU
		{5D61E674-7945-4CCE-95C1-2D2B3E1F947F}.Debug|ARM.Build.0 = Debug|Any CPU
		{5D61E674-7945-4CCE-95C1-2D2B3E1F947F}.Debug|ARM64.ActiveCfg = Debug|Any CPU
		{5D61E674-7945-4CCE-95C1-2D2B3E1F947F}.Debug|ARM64.Build.0 = Debug|Any CPU
		{5D61E674-7945-4CCE-95C1-2D2B3E1F947F}.Debug|x64.ActiveCfg = Debug|Any CPU
		{5D61E674-7945-4CCE-95C1-2D2B3E1F947F}.Debug|x64.Build.0 = Debug|Any CPU
		{5D61E674-7945-4CCE-95C1-2D2B3E1F947F}.Debug|x86.ActiveCfg = Debug|Any CPU
		{5D61E674-7945-4CCE-95C1-2D2B3E1F947F}.Debug|x86.Build.0 = Debug|Any CPU
		{5D61E674-7945-4CCE-95C1-2D2B3E1F947F}.Release|Any CPU.ActiveCfg = Release|Any CPU
		{5D61E674-7945-4CCE-95C1-2D2B3E1F947F}.Release|Any CPU.Build.0 = Release|Any CPU
		{5D61E674-7945-4CCE-95C1-2D2B3E1F947F}.Release|ARM.ActiveCfg = Release|Any CPU
		{5D61E674-7945-4CCE-95C1-2D2B3E1F947F}.Release|ARM.Build.0 = Release|Any CPU
		{5D61E674-7945-4CCE-95C1-2D2B3E1F947F}.Release|ARM64.ActiveCfg = Release|Any CPU
		{5D61E674-7945-4CCE-95C1-2D2B3E1F947F}.Release|ARM64.Build.0 = Release|Any CPU
		{5D61E674-7945-4CCE-95C1-2D2B3E1F947F}.Release|x64.ActiveCfg = Release|Any CPU
		{5D61E674-7945-4CCE-95C1-2D2B3E1F947F}.Release|x64.Build.0 = Release|Any CPU
		{5D61E674-7945-4CCE-95C1-2D2B3E1F947F}.Release|x86.ActiveCfg = Release|Any CPU
		{5D61E674-7945-4CCE-95C1-2D2B3E1F947F}.Release|x86.Build.0 = Release|Any CPU
		{E2CF8FB7-5BE3-4E11-A4C1-4BE9ECC55A27}.Debug|Any CPU.ActiveCfg = Debug|Any CPU
		{E2CF8FB7-5BE3-4E11-A4C1-4BE9ECC55A27}.Debug|Any CPU.Build.0 = Debug|Any CPU
		{E2CF8FB7-5BE3-4E11-A4C1-4BE9ECC55A27}.Debug|ARM.ActiveCfg = Debug|Any CPU
		{E2CF8FB7-5BE3-4E11-A4C1-4BE9ECC55A27}.Debug|ARM.Build.0 = Debug|Any CPU
		{E2CF8FB7-5BE3-4E11-A4C1-4BE9ECC55A27}.Debug|ARM64.ActiveCfg = Debug|Any CPU
		{E2CF8FB7-5BE3-4E11-A4C1-4BE9ECC55A27}.Debug|ARM64.Build.0 = Debug|Any CPU
		{E2CF8FB7-5BE3-4E11-A4C1-4BE9ECC55A27}.Debug|x64.ActiveCfg = Debug|Any CPU
		{E2CF8FB7-5BE3-4E11-A4C1-4BE9ECC55A27}.Debug|x64.Build.0 = Debug|Any CPU
		{E2CF8FB7-5BE3-4E11-A4C1-4BE9ECC55A27}.Debug|x86.ActiveCfg = Debug|Any CPU
		{E2CF8FB7-5BE3-4E11-A4C1-4BE9ECC55A27}.Debug|x86.Build.0 = Debug|Any CPU
		{E2CF8FB7-5BE3-4E11-A4C1-4BE9ECC55A27}.Release|Any CPU.ActiveCfg = Release|Any CPU
		{E2CF8FB7-5BE3-4E11-A4C1-4BE9ECC55A27}.Release|Any CPU.Build.0 = Release|Any CPU
		{E2CF8FB7-5BE3-4E11-A4C1-4BE9ECC55A27}.Release|ARM.ActiveCfg = Release|Any CPU
		{E2CF8FB7-5BE3-4E11-A4C1-4BE9ECC55A27}.Release|ARM.Build.0 = Release|Any CPU
		{E2CF8FB7-5BE3-4E11-A4C1-4BE9ECC55A27}.Release|ARM64.ActiveCfg = Release|Any CPU
		{E2CF8FB7-5BE3-4E11-A4C1-4BE9ECC55A27}.Release|ARM64.Build.0 = Release|Any CPU
		{E2CF8FB7-5BE3-4E11-A4C1-4BE9ECC55A27}.Release|x64.ActiveCfg = Release|Any CPU
		{E2CF8FB7-5BE3-4E11-A4C1-4BE9ECC55A27}.Release|x64.Build.0 = Release|Any CPU
		{E2CF8FB7-5BE3-4E11-A4C1-4BE9ECC55A27}.Release|x86.ActiveCfg = Release|Any CPU
		{E2CF8FB7-5BE3-4E11-A4C1-4BE9ECC55A27}.Release|x86.Build.0 = Release|Any CPU
		{CDEE2B5E-F6D7-4310-9E04-A3B13E3717D2}.Debug|Any CPU.ActiveCfg = Debug|Any CPU
		{CDEE2B5E-F6D7-4310-9E04-A3B13E3717D2}.Debug|Any CPU.Build.0 = Debug|Any CPU
		{CDEE2B5E-F6D7-4310-9E04-A3B13E3717D2}.Debug|ARM.ActiveCfg = Debug|Any CPU
		{CDEE2B5E-F6D7-4310-9E04-A3B13E3717D2}.Debug|ARM.Build.0 = Debug|Any CPU
		{CDEE2B5E-F6D7-4310-9E04-A3B13E3717D2}.Debug|ARM64.ActiveCfg = Debug|Any CPU
		{CDEE2B5E-F6D7-4310-9E04-A3B13E3717D2}.Debug|ARM64.Build.0 = Debug|Any CPU
		{CDEE2B5E-F6D7-4310-9E04-A3B13E3717D2}.Debug|x64.ActiveCfg = Debug|Any CPU
		{CDEE2B5E-F6D7-4310-9E04-A3B13E3717D2}.Debug|x64.Build.0 = Debug|Any CPU
		{CDEE2B5E-F6D7-4310-9E04-A3B13E3717D2}.Debug|x86.ActiveCfg = Debug|Any CPU
		{CDEE2B5E-F6D7-4310-9E04-A3B13E3717D2}.Debug|x86.Build.0 = Debug|Any CPU
		{CDEE2B5E-F6D7-4310-9E04-A3B13E3717D2}.Release|Any CPU.ActiveCfg = Release|Any CPU
		{CDEE2B5E-F6D7-4310-9E04-A3B13E3717D2}.Release|Any CPU.Build.0 = Release|Any CPU
		{CDEE2B5E-F6D7-4310-9E04-A3B13E3717D2}.Release|ARM.ActiveCfg = Release|Any CPU
		{CDEE2B5E-F6D7-4310-9E04-A3B13E3717D2}.Release|ARM.Build.0 = Release|Any CPU
		{CDEE2B5E-F6D7-4310-9E04-A3B13E3717D2}.Release|ARM64.ActiveCfg = Release|Any CPU
		{CDEE2B5E-F6D7-4310-9E04-A3B13E3717D2}.Release|ARM64.Build.0 = Release|Any CPU
		{CDEE2B5E-F6D7-4310-9E04-A3B13E3717D2}.Release|x64.ActiveCfg = Release|Any CPU
		{CDEE2B5E-F6D7-4310-9E04-A3B13E3717D2}.Release|x64.Build.0 = Release|Any CPU
		{CDEE2B5E-F6D7-4310-9E04-A3B13E3717D2}.Release|x86.ActiveCfg = Release|Any CPU
		{CDEE2B5E-F6D7-4310-9E04-A3B13E3717D2}.Release|x86.Build.0 = Release|Any CPU
		{CB152D2E-9B65-4077-A78C-84FCA6FF7BC2}.Debug|Any CPU.ActiveCfg = Debug|Any CPU
		{CB152D2E-9B65-4077-A78C-84FCA6FF7BC2}.Debug|Any CPU.Build.0 = Debug|Any CPU
		{CB152D2E-9B65-4077-A78C-84FCA6FF7BC2}.Debug|ARM.ActiveCfg = Debug|Any CPU
		{CB152D2E-9B65-4077-A78C-84FCA6FF7BC2}.Debug|ARM.Build.0 = Debug|Any CPU
		{CB152D2E-9B65-4077-A78C-84FCA6FF7BC2}.Debug|ARM64.ActiveCfg = Debug|Any CPU
		{CB152D2E-9B65-4077-A78C-84FCA6FF7BC2}.Debug|ARM64.Build.0 = Debug|Any CPU
		{CB152D2E-9B65-4077-A78C-84FCA6FF7BC2}.Debug|x64.ActiveCfg = Debug|Any CPU
		{CB152D2E-9B65-4077-A78C-84FCA6FF7BC2}.Debug|x64.Build.0 = Debug|Any CPU
		{CB152D2E-9B65-4077-A78C-84FCA6FF7BC2}.Debug|x86.ActiveCfg = Debug|Any CPU
		{CB152D2E-9B65-4077-A78C-84FCA6FF7BC2}.Debug|x86.Build.0 = Debug|Any CPU
		{CB152D2E-9B65-4077-A78C-84FCA6FF7BC2}.Release|Any CPU.ActiveCfg = Release|Any CPU
		{CB152D2E-9B65-4077-A78C-84FCA6FF7BC2}.Release|Any CPU.Build.0 = Release|Any CPU
		{CB152D2E-9B65-4077-A78C-84FCA6FF7BC2}.Release|ARM.ActiveCfg = Release|Any CPU
		{CB152D2E-9B65-4077-A78C-84FCA6FF7BC2}.Release|ARM.Build.0 = Release|Any CPU
		{CB152D2E-9B65-4077-A78C-84FCA6FF7BC2}.Release|ARM64.ActiveCfg = Release|Any CPU
		{CB152D2E-9B65-4077-A78C-84FCA6FF7BC2}.Release|ARM64.Build.0 = Release|Any CPU
		{CB152D2E-9B65-4077-A78C-84FCA6FF7BC2}.Release|x64.ActiveCfg = Release|Any CPU
		{CB152D2E-9B65-4077-A78C-84FCA6FF7BC2}.Release|x64.Build.0 = Release|Any CPU
		{CB152D2E-9B65-4077-A78C-84FCA6FF7BC2}.Release|x86.ActiveCfg = Release|Any CPU
		{CB152D2E-9B65-4077-A78C-84FCA6FF7BC2}.Release|x86.Build.0 = Release|Any CPU
		{5EF21013-4851-465D-ABEF-0FF61A510C23}.Debug|Any CPU.ActiveCfg = Debug|Any CPU
		{5EF21013-4851-465D-ABEF-0FF61A510C23}.Debug|Any CPU.Build.0 = Debug|Any CPU
		{5EF21013-4851-465D-ABEF-0FF61A510C23}.Debug|ARM.ActiveCfg = Debug|Any CPU
		{5EF21013-4851-465D-ABEF-0FF61A510C23}.Debug|ARM.Build.0 = Debug|Any CPU
		{5EF21013-4851-465D-ABEF-0FF61A510C23}.Debug|ARM64.ActiveCfg = Debug|Any CPU
		{5EF21013-4851-465D-ABEF-0FF61A510C23}.Debug|ARM64.Build.0 = Debug|Any CPU
		{5EF21013-4851-465D-ABEF-0FF61A510C23}.Debug|x64.ActiveCfg = Debug|Any CPU
		{5EF21013-4851-465D-ABEF-0FF61A510C23}.Debug|x64.Build.0 = Debug|Any CPU
		{5EF21013-4851-465D-ABEF-0FF61A510C23}.Debug|x86.ActiveCfg = Debug|Any CPU
		{5EF21013-4851-465D-ABEF-0FF61A510C23}.Debug|x86.Build.0 = Debug|Any CPU
		{5EF21013-4851-465D-ABEF-0FF61A510C23}.Release|Any CPU.ActiveCfg = Release|Any CPU
		{5EF21013-4851-465D-ABEF-0FF61A510C23}.Release|Any CPU.Build.0 = Release|Any CPU
		{5EF21013-4851-465D-ABEF-0FF61A510C23}.Release|ARM.ActiveCfg = Release|Any CPU
		{5EF21013-4851-465D-ABEF-0FF61A510C23}.Release|ARM.Build.0 = Release|Any CPU
		{5EF21013-4851-465D-ABEF-0FF61A510C23}.Release|ARM64.ActiveCfg = Release|Any CPU
		{5EF21013-4851-465D-ABEF-0FF61A510C23}.Release|ARM64.Build.0 = Release|Any CPU
		{5EF21013-4851-465D-ABEF-0FF61A510C23}.Release|x64.ActiveCfg = Release|Any CPU
		{5EF21013-4851-465D-ABEF-0FF61A510C23}.Release|x64.Build.0 = Release|Any CPU
		{5EF21013-4851-465D-ABEF-0FF61A510C23}.Release|x86.ActiveCfg = Release|Any CPU
		{5EF21013-4851-465D-ABEF-0FF61A510C23}.Release|x86.Build.0 = Release|Any CPU
	EndGlobalSection
	GlobalSection(SolutionProperties) = preSolution
		HideSolutionNode = FALSE
	EndGlobalSection
	GlobalSection(ExtensibilityGlobals) = postSolution
		SolutionGuid = {734024C5-7425-4F36-A8ED-E2B5844FA597}
	EndGlobalSection
EndGlobal
