
Microsoft Visual Studio Solution File, Format Version 12.00
# Visual Studio Version 17
VisualStudioVersion = 17.4.33205.214
MinimumVisualStudioVersion = 10.0.40219.1
Project("{9A19103F-16F7-4668-BE54-9A1E7A4F7556}") = "MatroskaBatchToolBox", "MatroskaBatchToolBox\MatroskaBatchToolBox.csproj", "{E04D65E4-FE0D-4D24-BE4E-E90D302BE994}"
EndProject
Project("{9A19103F-16F7-4668-BE54-9A1E7A4F7556}") = "Experiment", "Experiment\Experiment.csproj", "{6BEB6077-E905-4754-9B95-FD9E8CD95F1C}"
EndProject
Project("{9A19103F-16F7-4668-BE54-9A1E7A4F7556}") = "EncoderBenchmarkTest", "EncoderBenchmarkTest\EncoderBenchmarkTest.csproj", "{83940C16-51B2-46E4-BA0E-ECC1AB87D9CA}"
EndProject
Project("{9A19103F-16F7-4668-BE54-9A1E7A4F7556}") = "CalcVmaf", "CalcVMAF\CalcVmaf.csproj", "{361666FF-66E1-4A32-B63A-8512C49EDB35}"
EndProject
Project("{9A19103F-16F7-4668-BE54-9A1E7A4F7556}") = "ChapterConverter", "ChapterConverter\ChapterConverter.csproj", "{FE5EE9EB-7E51-4C4A-9840-3ED049F51F6C}"
EndProject
Project("{2150E333-8FDC-42A3-9474-1A3956D46DE8}") = "Solution Items", "Solution Items", "{FC68CED9-4DD0-4157-B655-9B600B05A0AE}"
	ProjectSection(SolutionItems) = preProject
		.editorconfig = .editorconfig
	EndProjectSection
EndProject
Project("{9A19103F-16F7-4668-BE54-9A1E7A4F7556}") = "MovieChapterEditor", "MovieChapterEditor\MovieChapterEditor.csproj", "{CFE898CC-875C-43DB-B9E1-5F8E99B82EF1}"
EndProject
Project("{9A19103F-16F7-4668-BE54-9A1E7A4F7556}") = "MatroskaBatchToolBox.Utility", "MatroskaBatchToolBox.Utility\MatroskaBatchToolBox.Utility.csproj", "{0A5FAA1C-2588-425C-B30D-615B1DDF4025}"
EndProject
Project("{8BC9CEB8-8B4A-11D0-8D11-00A0C91BC942}") = "Experiment.Cpp", "Experiment.Cpp\Experiment.Cpp.vcxproj", "{803FBAF1-8F0E-484E-80C4-1BFFD74FB7E5}"
EndProject
Project("{9A19103F-16F7-4668-BE54-9A1E7A4F7556}") = "Test.TinyConsole", "Test.TinyConsole\Test.TinyConsole.csproj", "{A829EBB6-9B07-4817-8F0C-F53A5AA9F22B}"
EndProject
Project("{9A19103F-16F7-4668-BE54-9A1E7A4F7556}") = "TerminalInfo.CodeGenerator", "TerminalInfo.CodeGenerator\TerminalInfo.CodeGenerator.csproj", "{1E9B7D16-E26B-4895-BE69-6763CA184C2B}"
EndProject
Project("{9A19103F-16F7-4668-BE54-9A1E7A4F7556}") = "DumpTermInfo", "DumpTermInfo\DumpTermInfo.csproj", "{73DFCF8A-C5F6-4814-A66F-B8DD73850D07}"
EndProject
Project("{9A19103F-16F7-4668-BE54-9A1E7A4F7556}") = "Palmtree.Core", "Palmtree.Core\Palmtree.Core.csproj", "{EDFABA8D-E4CB-436D-946E-68D3B9CC8834}"
EndProject
Project("{9A19103F-16F7-4668-BE54-9A1E7A4F7556}") = "Palmtree.TerminalInfo", "Palmtree.TerminalInfo\Palmtree.TerminalInfo.csproj", "{93DF63CD-B8CB-46AB-8CFF-ABCC1DE9A235}"
EndProject
Project("{9A19103F-16F7-4668-BE54-9A1E7A4F7556}") = "Palmtree.Console", "Palmtree.Console\Palmtree.Console.csproj", "{214AF375-9FDD-4AA4-92AF-3F4347A3474C}"
EndProject
Project("{8BC9CEB8-8B4A-11D0-8D11-00A0C91BC942}") = "Palmtree.Console.InterOp.Unix", "Palmtree.Console.InterOp.Unix\Palmtree.Console.InterOp.Unix.vcxproj", "{749ABA34-E47E-4890-9872-6264FCD17B6E}"
EndProject
Project("{FAE04EC0-301F-11D3-BF4B-00C04F79EFBC}") = "Palmtree.Movie.Ffmpeg", "Palmtree.Movie.Ffmpeg\Palmtree.Movie.Ffmpeg.csproj", "{85AFDA64-4A2E-437A-B422-8DE020E2B18E}"
EndProject
Global
	GlobalSection(SolutionConfigurationPlatforms) = preSolution
		Debug|Any CPU = Debug|Any CPU
		Debug|ARM = Debug|ARM
		Debug|ARM64 = Debug|ARM64
		Debug|x64 = Debug|x64
		Debug|x86 = Debug|x86
		Release|Any CPU = Release|Any CPU
		Release|ARM = Release|ARM
		Release|ARM64 = Release|ARM64
		Release|x64 = Release|x64
		Release|x86 = Release|x86
	EndGlobalSection
	GlobalSection(ProjectConfigurationPlatforms) = postSolution
		{E04D65E4-FE0D-4D24-BE4E-E90D302BE994}.Debug|Any CPU.ActiveCfg = Debug|Any CPU
		{E04D65E4-FE0D-4D24-BE4E-E90D302BE994}.Debug|Any CPU.Build.0 = Debug|Any CPU
		{E04D65E4-FE0D-4D24-BE4E-E90D302BE994}.Debug|ARM.ActiveCfg = Debug|Any CPU
		{E04D65E4-FE0D-4D24-BE4E-E90D302BE994}.Debug|ARM.Build.0 = Debug|Any CPU
		{E04D65E4-FE0D-4D24-BE4E-E90D302BE994}.Debug|ARM64.ActiveCfg = Debug|Any CPU
		{E04D65E4-FE0D-4D24-BE4E-E90D302BE994}.Debug|ARM64.Build.0 = Debug|Any CPU
		{E04D65E4-FE0D-4D24-BE4E-E90D302BE994}.Debug|x64.ActiveCfg = Debug|Any CPU
		{E04D65E4-FE0D-4D24-BE4E-E90D302BE994}.Debug|x64.Build.0 = Debug|Any CPU
		{E04D65E4-FE0D-4D24-BE4E-E90D302BE994}.Debug|x86.ActiveCfg = Debug|Any CPU
		{E04D65E4-FE0D-4D24-BE4E-E90D302BE994}.Debug|x86.Build.0 = Debug|Any CPU
		{E04D65E4-FE0D-4D24-BE4E-E90D302BE994}.Release|Any CPU.ActiveCfg = Release|Any CPU
		{E04D65E4-FE0D-4D24-BE4E-E90D302BE994}.Release|Any CPU.Build.0 = Release|Any CPU
		{E04D65E4-FE0D-4D24-BE4E-E90D302BE994}.Release|ARM.ActiveCfg = Release|Any CPU
		{E04D65E4-FE0D-4D24-BE4E-E90D302BE994}.Release|ARM.Build.0 = Release|Any CPU
		{E04D65E4-FE0D-4D24-BE4E-E90D302BE994}.Release|ARM64.ActiveCfg = Release|Any CPU
		{E04D65E4-FE0D-4D24-BE4E-E90D302BE994}.Release|ARM64.Build.0 = Release|Any CPU
		{E04D65E4-FE0D-4D24-BE4E-E90D302BE994}.Release|x64.ActiveCfg = Release|Any CPU
		{E04D65E4-FE0D-4D24-BE4E-E90D302BE994}.Release|x64.Build.0 = Release|Any CPU
		{E04D65E4-FE0D-4D24-BE4E-E90D302BE994}.Release|x86.ActiveCfg = Release|Any CPU
		{E04D65E4-FE0D-4D24-BE4E-E90D302BE994}.Release|x86.Build.0 = Release|Any CPU
		{6BEB6077-E905-4754-9B95-FD9E8CD95F1C}.Debug|Any CPU.ActiveCfg = Debug|Any CPU
		{6BEB6077-E905-4754-9B95-FD9E8CD95F1C}.Debug|Any CPU.Build.0 = Debug|Any CPU
		{6BEB6077-E905-4754-9B95-FD9E8CD95F1C}.Debug|ARM.ActiveCfg = Debug|Any CPU
		{6BEB6077-E905-4754-9B95-FD9E8CD95F1C}.Debug|ARM.Build.0 = Debug|Any CPU
		{6BEB6077-E905-4754-9B95-FD9E8CD95F1C}.Debug|ARM64.ActiveCfg = Debug|Any CPU
		{6BEB6077-E905-4754-9B95-FD9E8CD95F1C}.Debug|ARM64.Build.0 = Debug|Any CPU
		{6BEB6077-E905-4754-9B95-FD9E8CD95F1C}.Debug|x64.ActiveCfg = Debug|Any CPU
		{6BEB6077-E905-4754-9B95-FD9E8CD95F1C}.Debug|x64.Build.0 = Debug|Any CPU
		{6BEB6077-E905-4754-9B95-FD9E8CD95F1C}.Debug|x86.ActiveCfg = Debug|Any CPU
		{6BEB6077-E905-4754-9B95-FD9E8CD95F1C}.Debug|x86.Build.0 = Debug|Any CPU
		{6BEB6077-E905-4754-9B95-FD9E8CD95F1C}.Release|Any CPU.ActiveCfg = Release|Any CPU
		{6BEB6077-E905-4754-9B95-FD9E8CD95F1C}.Release|Any CPU.Build.0 = Release|Any CPU
		{6BEB6077-E905-4754-9B95-FD9E8CD95F1C}.Release|ARM.ActiveCfg = Release|Any CPU
		{6BEB6077-E905-4754-9B95-FD9E8CD95F1C}.Release|ARM.Build.0 = Release|Any CPU
		{6BEB6077-E905-4754-9B95-FD9E8CD95F1C}.Release|ARM64.ActiveCfg = Release|Any CPU
		{6BEB6077-E905-4754-9B95-FD9E8CD95F1C}.Release|ARM64.Build.0 = Release|Any CPU
		{6BEB6077-E905-4754-9B95-FD9E8CD95F1C}.Release|x64.ActiveCfg = Release|Any CPU
		{6BEB6077-E905-4754-9B95-FD9E8CD95F1C}.Release|x64.Build.0 = Release|Any CPU
		{6BEB6077-E905-4754-9B95-FD9E8CD95F1C}.Release|x86.ActiveCfg = Release|Any CPU
		{6BEB6077-E905-4754-9B95-FD9E8CD95F1C}.Release|x86.Build.0 = Release|Any CPU
		{83940C16-51B2-46E4-BA0E-ECC1AB87D9CA}.Debug|Any CPU.ActiveCfg = Debug|Any CPU
		{83940C16-51B2-46E4-BA0E-ECC1AB87D9CA}.Debug|Any CPU.Build.0 = Debug|Any CPU
		{83940C16-51B2-46E4-BA0E-ECC1AB87D9CA}.Debug|ARM.ActiveCfg = Debug|Any CPU
		{83940C16-51B2-46E4-BA0E-ECC1AB87D9CA}.Debug|ARM.Build.0 = Debug|Any CPU
		{83940C16-51B2-46E4-BA0E-ECC1AB87D9CA}.Debug|ARM64.ActiveCfg = Debug|Any CPU
		{83940C16-51B2-46E4-BA0E-ECC1AB87D9CA}.Debug|ARM64.Build.0 = Debug|Any CPU
		{83940C16-51B2-46E4-BA0E-ECC1AB87D9CA}.Debug|x64.ActiveCfg = Debug|Any CPU
		{83940C16-51B2-46E4-BA0E-ECC1AB87D9CA}.Debug|x64.Build.0 = Debug|Any CPU
		{83940C16-51B2-46E4-BA0E-ECC1AB87D9CA}.Debug|x86.ActiveCfg = Debug|Any CPU
		{83940C16-51B2-46E4-BA0E-ECC1AB87D9CA}.Debug|x86.Build.0 = Debug|Any CPU
		{83940C16-51B2-46E4-BA0E-ECC1AB87D9CA}.Release|Any CPU.ActiveCfg = Release|Any CPU
		{83940C16-51B2-46E4-BA0E-ECC1AB87D9CA}.Release|Any CPU.Build.0 = Release|Any CPU
		{83940C16-51B2-46E4-BA0E-ECC1AB87D9CA}.Release|ARM.ActiveCfg = Release|Any CPU
		{83940C16-51B2-46E4-BA0E-ECC1AB87D9CA}.Release|ARM.Build.0 = Release|Any CPU
		{83940C16-51B2-46E4-BA0E-ECC1AB87D9CA}.Release|ARM64.ActiveCfg = Release|Any CPU
		{83940C16-51B2-46E4-BA0E-ECC1AB87D9CA}.Release|ARM64.Build.0 = Release|Any CPU
		{83940C16-51B2-46E4-BA0E-ECC1AB87D9CA}.Release|x64.ActiveCfg = Release|Any CPU
		{83940C16-51B2-46E4-BA0E-ECC1AB87D9CA}.Release|x64.Build.0 = Release|Any CPU
		{83940C16-51B2-46E4-BA0E-ECC1AB87D9CA}.Release|x86.ActiveCfg = Release|Any CPU
		{83940C16-51B2-46E4-BA0E-ECC1AB87D9CA}.Release|x86.Build.0 = Release|Any CPU
		{361666FF-66E1-4A32-B63A-8512C49EDB35}.Debug|Any CPU.ActiveCfg = Debug|Any CPU
		{361666FF-66E1-4A32-B63A-8512C49EDB35}.Debug|Any CPU.Build.0 = Debug|Any CPU
		{361666FF-66E1-4A32-B63A-8512C49EDB35}.Debug|ARM.ActiveCfg = Debug|Any CPU
		{361666FF-66E1-4A32-B63A-8512C49EDB35}.Debug|ARM.Build.0 = Debug|Any CPU
		{361666FF-66E1-4A32-B63A-8512C49EDB35}.Debug|ARM64.ActiveCfg = Debug|Any CPU
		{361666FF-66E1-4A32-B63A-8512C49EDB35}.Debug|ARM64.Build.0 = Debug|Any CPU
		{361666FF-66E1-4A32-B63A-8512C49EDB35}.Debug|x64.ActiveCfg = Debug|Any CPU
		{361666FF-66E1-4A32-B63A-8512C49EDB35}.Debug|x64.Build.0 = Debug|Any CPU
		{361666FF-66E1-4A32-B63A-8512C49EDB35}.Debug|x86.ActiveCfg = Debug|Any CPU
		{361666FF-66E1-4A32-B63A-8512C49EDB35}.Debug|x86.Build.0 = Debug|Any CPU
		{361666FF-66E1-4A32-B63A-8512C49EDB35}.Release|Any CPU.ActiveCfg = Release|Any CPU
		{361666FF-66E1-4A32-B63A-8512C49EDB35}.Release|Any CPU.Build.0 = Release|Any CPU
		{361666FF-66E1-4A32-B63A-8512C49EDB35}.Release|ARM.ActiveCfg = Release|Any CPU
		{361666FF-66E1-4A32-B63A-8512C49EDB35}.Release|ARM.Build.0 = Release|Any CPU
		{361666FF-66E1-4A32-B63A-8512C49EDB35}.Release|ARM64.ActiveCfg = Release|Any CPU
		{361666FF-66E1-4A32-B63A-8512C49EDB35}.Release|ARM64.Build.0 = Release|Any CPU
		{361666FF-66E1-4A32-B63A-8512C49EDB35}.Release|x64.ActiveCfg = Release|Any CPU
		{361666FF-66E1-4A32-B63A-8512C49EDB35}.Release|x64.Build.0 = Release|Any CPU
		{361666FF-66E1-4A32-B63A-8512C49EDB35}.Release|x86.ActiveCfg = Release|Any CPU
		{361666FF-66E1-4A32-B63A-8512C49EDB35}.Release|x86.Build.0 = Release|Any CPU
		{FE5EE9EB-7E51-4C4A-9840-3ED049F51F6C}.Debug|Any CPU.ActiveCfg = Debug|Any CPU
		{FE5EE9EB-7E51-4C4A-9840-3ED049F51F6C}.Debug|Any CPU.Build.0 = Debug|Any CPU
		{FE5EE9EB-7E51-4C4A-9840-3ED049F51F6C}.Debug|ARM.ActiveCfg = Debug|Any CPU
		{FE5EE9EB-7E51-4C4A-9840-3ED049F51F6C}.Debug|ARM.Build.0 = Debug|Any CPU
		{FE5EE9EB-7E51-4C4A-9840-3ED049F51F6C}.Debug|ARM64.ActiveCfg = Debug|Any CPU
		{FE5EE9EB-7E51-4C4A-9840-3ED049F51F6C}.Debug|ARM64.Build.0 = Debug|Any CPU
		{FE5EE9EB-7E51-4C4A-9840-3ED049F51F6C}.Debug|x64.ActiveCfg = Debug|Any CPU
		{FE5EE9EB-7E51-4C4A-9840-3ED049F51F6C}.Debug|x64.Build.0 = Debug|Any CPU
		{FE5EE9EB-7E51-4C4A-9840-3ED049F51F6C}.Debug|x86.ActiveCfg = Debug|Any CPU
		{FE5EE9EB-7E51-4C4A-9840-3ED049F51F6C}.Debug|x86.Build.0 = Debug|Any CPU
		{FE5EE9EB-7E51-4C4A-9840-3ED049F51F6C}.Release|Any CPU.ActiveCfg = Release|Any CPU
		{FE5EE9EB-7E51-4C4A-9840-3ED049F51F6C}.Release|Any CPU.Build.0 = Release|Any CPU
		{FE5EE9EB-7E51-4C4A-9840-3ED049F51F6C}.Release|ARM.ActiveCfg = Release|Any CPU
		{FE5EE9EB-7E51-4C4A-9840-3ED049F51F6C}.Release|ARM.Build.0 = Release|Any CPU
		{FE5EE9EB-7E51-4C4A-9840-3ED049F51F6C}.Release|ARM64.ActiveCfg = Release|Any CPU
		{FE5EE9EB-7E51-4C4A-9840-3ED049F51F6C}.Release|ARM64.Build.0 = Release|Any CPU
		{FE5EE9EB-7E51-4C4A-9840-3ED049F51F6C}.Release|x64.ActiveCfg = Release|Any CPU
		{FE5EE9EB-7E51-4C4A-9840-3ED049F51F6C}.Release|x64.Build.0 = Release|Any CPU
		{FE5EE9EB-7E51-4C4A-9840-3ED049F51F6C}.Release|x86.ActiveCfg = Release|Any CPU
		{FE5EE9EB-7E51-4C4A-9840-3ED049F51F6C}.Release|x86.Build.0 = Release|Any CPU
		{CFE898CC-875C-43DB-B9E1-5F8E99B82EF1}.Debug|Any CPU.ActiveCfg = Debug|Any CPU
		{CFE898CC-875C-43DB-B9E1-5F8E99B82EF1}.Debug|Any CPU.Build.0 = Debug|Any CPU
		{CFE898CC-875C-43DB-B9E1-5F8E99B82EF1}.Debug|ARM.ActiveCfg = Debug|Any CPU
		{CFE898CC-875C-43DB-B9E1-5F8E99B82EF1}.Debug|ARM.Build.0 = Debug|Any CPU
		{CFE898CC-875C-43DB-B9E1-5F8E99B82EF1}.Debug|ARM64.ActiveCfg = Debug|Any CPU
		{CFE898CC-875C-43DB-B9E1-5F8E99B82EF1}.Debug|ARM64.Build.0 = Debug|Any CPU
		{CFE898CC-875C-43DB-B9E1-5F8E99B82EF1}.Debug|x64.ActiveCfg = Debug|Any CPU
		{CFE898CC-875C-43DB-B9E1-5F8E99B82EF1}.Debug|x64.Build.0 = Debug|Any CPU
		{CFE898CC-875C-43DB-B9E1-5F8E99B82EF1}.Debug|x86.ActiveCfg = Debug|Any CPU
		{CFE898CC-875C-43DB-B9E1-5F8E99B82EF1}.Debug|x86.Build.0 = Debug|Any CPU
		{CFE898CC-875C-43DB-B9E1-5F8E99B82EF1}.Release|Any CPU.ActiveCfg = Release|Any CPU
		{CFE898CC-875C-43DB-B9E1-5F8E99B82EF1}.Release|Any CPU.Build.0 = Release|Any CPU
		{CFE898CC-875C-43DB-B9E1-5F8E99B82EF1}.Release|ARM.ActiveCfg = Release|Any CPU
		{CFE898CC-875C-43DB-B9E1-5F8E99B82EF1}.Release|ARM.Build.0 = Release|Any CPU
		{CFE898CC-875C-43DB-B9E1-5F8E99B82EF1}.Release|ARM64.ActiveCfg = Release|Any CPU
		{CFE898CC-875C-43DB-B9E1-5F8E99B82EF1}.Release|ARM64.Build.0 = Release|Any CPU
		{CFE898CC-875C-43DB-B9E1-5F8E99B82EF1}.Release|x64.ActiveCfg = Release|Any CPU
		{CFE898CC-875C-43DB-B9E1-5F8E99B82EF1}.Release|x64.Build.0 = Release|Any CPU
		{CFE898CC-875C-43DB-B9E1-5F8E99B82EF1}.Release|x86.ActiveCfg = Release|Any CPU
		{CFE898CC-875C-43DB-B9E1-5F8E99B82EF1}.Release|x86.Build.0 = Release|Any CPU
		{0A5FAA1C-2588-425C-B30D-615B1DDF4025}.Debug|Any CPU.ActiveCfg = Debug|Any CPU
		{0A5FAA1C-2588-425C-B30D-615B1DDF4025}.Debug|Any CPU.Build.0 = Debug|Any CPU
		{0A5FAA1C-2588-425C-B30D-615B1DDF4025}.Debug|ARM.ActiveCfg = Debug|Any CPU
		{0A5FAA1C-2588-425C-B30D-615B1DDF4025}.Debug|ARM.Build.0 = Debug|Any CPU
		{0A5FAA1C-2588-425C-B30D-615B1DDF4025}.Debug|ARM64.ActiveCfg = Debug|Any CPU
		{0A5FAA1C-2588-425C-B30D-615B1DDF4025}.Debug|ARM64.Build.0 = Debug|Any CPU
		{0A5FAA1C-2588-425C-B30D-615B1DDF4025}.Debug|x64.ActiveCfg = Debug|Any CPU
		{0A5FAA1C-2588-425C-B30D-615B1DDF4025}.Debug|x64.Build.0 = Debug|Any CPU
		{0A5FAA1C-2588-425C-B30D-615B1DDF4025}.Debug|x86.ActiveCfg = Debug|Any CPU
		{0A5FAA1C-2588-425C-B30D-615B1DDF4025}.Debug|x86.Build.0 = Debug|Any CPU
		{0A5FAA1C-2588-425C-B30D-615B1DDF4025}.Release|Any CPU.ActiveCfg = Release|Any CPU
		{0A5FAA1C-2588-425C-B30D-615B1DDF4025}.Release|Any CPU.Build.0 = Release|Any CPU
		{0A5FAA1C-2588-425C-B30D-615B1DDF4025}.Release|ARM.ActiveCfg = Release|Any CPU
		{0A5FAA1C-2588-425C-B30D-615B1DDF4025}.Release|ARM.Build.0 = Release|Any CPU
		{0A5FAA1C-2588-425C-B30D-615B1DDF4025}.Release|ARM64.ActiveCfg = Release|Any CPU
		{0A5FAA1C-2588-425C-B30D-615B1DDF4025}.Release|ARM64.Build.0 = Release|Any CPU
		{0A5FAA1C-2588-425C-B30D-615B1DDF4025}.Release|x64.ActiveCfg = Release|Any CPU
		{0A5FAA1C-2588-425C-B30D-615B1DDF4025}.Release|x64.Build.0 = Release|Any CPU
		{0A5FAA1C-2588-425C-B30D-615B1DDF4025}.Release|x86.ActiveCfg = Release|Any CPU
		{0A5FAA1C-2588-425C-B30D-615B1DDF4025}.Release|x86.Build.0 = Release|Any CPU
		{803FBAF1-8F0E-484E-80C4-1BFFD74FB7E5}.Debug|Any CPU.ActiveCfg = Debug|x64
		{803FBAF1-8F0E-484E-80C4-1BFFD74FB7E5}.Debug|Any CPU.Build.0 = Debug|x64
		{803FBAF1-8F0E-484E-80C4-1BFFD74FB7E5}.Debug|ARM.ActiveCfg = Debug|x64
		{803FBAF1-8F0E-484E-80C4-1BFFD74FB7E5}.Debug|ARM.Build.0 = Debug|x64
		{803FBAF1-8F0E-484E-80C4-1BFFD74FB7E5}.Debug|ARM64.ActiveCfg = Debug|x64
		{803FBAF1-8F0E-484E-80C4-1BFFD74FB7E5}.Debug|ARM64.Build.0 = Debug|x64
		{803FBAF1-8F0E-484E-80C4-1BFFD74FB7E5}.Debug|x64.ActiveCfg = Debug|x64
		{803FBAF1-8F0E-484E-80C4-1BFFD74FB7E5}.Debug|x64.Build.0 = Debug|x64
		{803FBAF1-8F0E-484E-80C4-1BFFD74FB7E5}.Debug|x86.ActiveCfg = Debug|Win32
		{803FBAF1-8F0E-484E-80C4-1BFFD74FB7E5}.Debug|x86.Build.0 = Debug|Win32
		{803FBAF1-8F0E-484E-80C4-1BFFD74FB7E5}.Release|Any CPU.ActiveCfg = Release|x64
		{803FBAF1-8F0E-484E-80C4-1BFFD74FB7E5}.Release|Any CPU.Build.0 = Release|x64
		{803FBAF1-8F0E-484E-80C4-1BFFD74FB7E5}.Release|ARM.ActiveCfg = Release|x64
		{803FBAF1-8F0E-484E-80C4-1BFFD74FB7E5}.Release|ARM.Build.0 = Release|x64
		{803FBAF1-8F0E-484E-80C4-1BFFD74FB7E5}.Release|ARM64.ActiveCfg = Release|x64
		{803FBAF1-8F0E-484E-80C4-1BFFD74FB7E5}.Release|ARM64.Build.0 = Release|x64
		{803FBAF1-8F0E-484E-80C4-1BFFD74FB7E5}.Release|x64.ActiveCfg = Release|x64
		{803FBAF1-8F0E-484E-80C4-1BFFD74FB7E5}.Release|x64.Build.0 = Release|x64
		{803FBAF1-8F0E-484E-80C4-1BFFD74FB7E5}.Release|x86.ActiveCfg = Release|Win32
		{803FBAF1-8F0E-484E-80C4-1BFFD74FB7E5}.Release|x86.Build.0 = Release|Win32
		{A829EBB6-9B07-4817-8F0C-F53A5AA9F22B}.Debug|Any CPU.ActiveCfg = Debug|Any CPU
		{A829EBB6-9B07-4817-8F0C-F53A5AA9F22B}.Debug|Any CPU.Build.0 = Debug|Any CPU
		{A829EBB6-9B07-4817-8F0C-F53A5AA9F22B}.Debug|ARM.ActiveCfg = Debug|Any CPU
		{A829EBB6-9B07-4817-8F0C-F53A5AA9F22B}.Debug|ARM.Build.0 = Debug|Any CPU
		{A829EBB6-9B07-4817-8F0C-F53A5AA9F22B}.Debug|ARM64.ActiveCfg = Debug|Any CPU
		{A829EBB6-9B07-4817-8F0C-F53A5AA9F22B}.Debug|ARM64.Build.0 = Debug|Any CPU
		{A829EBB6-9B07-4817-8F0C-F53A5AA9F22B}.Debug|x64.ActiveCfg = Debug|Any CPU
		{A829EBB6-9B07-4817-8F0C-F53A5AA9F22B}.Debug|x64.Build.0 = Debug|Any CPU
		{A829EBB6-9B07-4817-8F0C-F53A5AA9F22B}.Debug|x86.ActiveCfg = Debug|Any CPU
		{A829EBB6-9B07-4817-8F0C-F53A5AA9F22B}.Debug|x86.Build.0 = Debug|Any CPU
		{A829EBB6-9B07-4817-8F0C-F53A5AA9F22B}.Release|Any CPU.ActiveCfg = Release|Any CPU
		{A829EBB6-9B07-4817-8F0C-F53A5AA9F22B}.Release|Any CPU.Build.0 = Release|Any CPU
		{A829EBB6-9B07-4817-8F0C-F53A5AA9F22B}.Release|ARM.ActiveCfg = Release|Any CPU
		{A829EBB6-9B07-4817-8F0C-F53A5AA9F22B}.Release|ARM.Build.0 = Release|Any CPU
		{A829EBB6-9B07-4817-8F0C-F53A5AA9F22B}.Release|ARM64.ActiveCfg = Release|Any CPU
		{A829EBB6-9B07-4817-8F0C-F53A5AA9F22B}.Release|ARM64.Build.0 = Release|Any CPU
		{A829EBB6-9B07-4817-8F0C-F53A5AA9F22B}.Release|x64.ActiveCfg = Release|Any CPU
		{A829EBB6-9B07-4817-8F0C-F53A5AA9F22B}.Release|x64.Build.0 = Release|Any CPU
		{A829EBB6-9B07-4817-8F0C-F53A5AA9F22B}.Release|x86.ActiveCfg = Release|Any CPU
		{A829EBB6-9B07-4817-8F0C-F53A5AA9F22B}.Release|x86.Build.0 = Release|Any CPU
		{1E9B7D16-E26B-4895-BE69-6763CA184C2B}.Debug|Any CPU.ActiveCfg = Debug|Any CPU
		{1E9B7D16-E26B-4895-BE69-6763CA184C2B}.Debug|Any CPU.Build.0 = Debug|Any CPU
		{1E9B7D16-E26B-4895-BE69-6763CA184C2B}.Debug|ARM.ActiveCfg = Debug|Any CPU
		{1E9B7D16-E26B-4895-BE69-6763CA184C2B}.Debug|ARM.Build.0 = Debug|Any CPU
		{1E9B7D16-E26B-4895-BE69-6763CA184C2B}.Debug|ARM64.ActiveCfg = Debug|Any CPU
		{1E9B7D16-E26B-4895-BE69-6763CA184C2B}.Debug|ARM64.Build.0 = Debug|Any CPU
		{1E9B7D16-E26B-4895-BE69-6763CA184C2B}.Debug|x64.ActiveCfg = Debug|Any CPU
		{1E9B7D16-E26B-4895-BE69-6763CA184C2B}.Debug|x64.Build.0 = Debug|Any CPU
		{1E9B7D16-E26B-4895-BE69-6763CA184C2B}.Debug|x86.ActiveCfg = Debug|Any CPU
		{1E9B7D16-E26B-4895-BE69-6763CA184C2B}.Debug|x86.Build.0 = Debug|Any CPU
		{1E9B7D16-E26B-4895-BE69-6763CA184C2B}.Release|Any CPU.ActiveCfg = Release|Any CPU
		{1E9B7D16-E26B-4895-BE69-6763CA184C2B}.Release|Any CPU.Build.0 = Release|Any CPU
		{1E9B7D16-E26B-4895-BE69-6763CA184C2B}.Release|ARM.ActiveCfg = Release|Any CPU
		{1E9B7D16-E26B-4895-BE69-6763CA184C2B}.Release|ARM.Build.0 = Release|Any CPU
		{1E9B7D16-E26B-4895-BE69-6763CA184C2B}.Release|ARM64.ActiveCfg = Release|Any CPU
		{1E9B7D16-E26B-4895-BE69-6763CA184C2B}.Release|ARM64.Build.0 = Release|Any CPU
		{1E9B7D16-E26B-4895-BE69-6763CA184C2B}.Release|x64.ActiveCfg = Release|Any CPU
		{1E9B7D16-E26B-4895-BE69-6763CA184C2B}.Release|x64.Build.0 = Release|Any CPU
		{1E9B7D16-E26B-4895-BE69-6763CA184C2B}.Release|x86.ActiveCfg = Release|Any CPU
		{1E9B7D16-E26B-4895-BE69-6763CA184C2B}.Release|x86.Build.0 = Release|Any CPU
		{73DFCF8A-C5F6-4814-A66F-B8DD73850D07}.Debug|Any CPU.ActiveCfg = Debug|Any CPU
		{73DFCF8A-C5F6-4814-A66F-B8DD73850D07}.Debug|Any CPU.Build.0 = Debug|Any CPU
		{73DFCF8A-C5F6-4814-A66F-B8DD73850D07}.Debug|ARM.ActiveCfg = Debug|Any CPU
		{73DFCF8A-C5F6-4814-A66F-B8DD73850D07}.Debug|ARM.Build.0 = Debug|Any CPU
		{73DFCF8A-C5F6-4814-A66F-B8DD73850D07}.Debug|ARM64.ActiveCfg = Debug|Any CPU
		{73DFCF8A-C5F6-4814-A66F-B8DD73850D07}.Debug|ARM64.Build.0 = Debug|Any CPU
		{73DFCF8A-C5F6-4814-A66F-B8DD73850D07}.Debug|x64.ActiveCfg = Debug|Any CPU
		{73DFCF8A-C5F6-4814-A66F-B8DD73850D07}.Debug|x64.Build.0 = Debug|Any CPU
		{73DFCF8A-C5F6-4814-A66F-B8DD73850D07}.Debug|x86.ActiveCfg = Debug|Any CPU
		{73DFCF8A-C5F6-4814-A66F-B8DD73850D07}.Debug|x86.Build.0 = Debug|Any CPU
		{73DFCF8A-C5F6-4814-A66F-B8DD73850D07}.Release|Any CPU.ActiveCfg = Release|Any CPU
		{73DFCF8A-C5F6-4814-A66F-B8DD73850D07}.Release|Any CPU.Build.0 = Release|Any CPU
		{73DFCF8A-C5F6-4814-A66F-B8DD73850D07}.Release|ARM.ActiveCfg = Release|Any CPU
		{73DFCF8A-C5F6-4814-A66F-B8DD73850D07}.Release|ARM.Build.0 = Release|Any CPU
		{73DFCF8A-C5F6-4814-A66F-B8DD73850D07}.Release|ARM64.ActiveCfg = Release|Any CPU
		{73DFCF8A-C5F6-4814-A66F-B8DD73850D07}.Release|ARM64.Build.0 = Release|Any CPU
		{73DFCF8A-C5F6-4814-A66F-B8DD73850D07}.Release|x64.ActiveCfg = Release|Any CPU
		{73DFCF8A-C5F6-4814-A66F-B8DD73850D07}.Release|x64.Build.0 = Release|Any CPU
		{73DFCF8A-C5F6-4814-A66F-B8DD73850D07}.Release|x86.ActiveCfg = Release|Any CPU
		{73DFCF8A-C5F6-4814-A66F-B8DD73850D07}.Release|x86.Build.0 = Release|Any CPU
		{EDFABA8D-E4CB-436D-946E-68D3B9CC8834}.Debug|Any CPU.ActiveCfg = Debug|Any CPU
		{EDFABA8D-E4CB-436D-946E-68D3B9CC8834}.Debug|Any CPU.Build.0 = Debug|Any CPU
		{EDFABA8D-E4CB-436D-946E-68D3B9CC8834}.Debug|ARM.ActiveCfg = Debug|Any CPU
		{EDFABA8D-E4CB-436D-946E-68D3B9CC8834}.Debug|ARM.Build.0 = Debug|Any CPU
		{EDFABA8D-E4CB-436D-946E-68D3B9CC8834}.Debug|ARM64.ActiveCfg = Debug|Any CPU
		{EDFABA8D-E4CB-436D-946E-68D3B9CC8834}.Debug|ARM64.Build.0 = Debug|Any CPU
		{EDFABA8D-E4CB-436D-946E-68D3B9CC8834}.Debug|x64.ActiveCfg = Debug|Any CPU
		{EDFABA8D-E4CB-436D-946E-68D3B9CC8834}.Debug|x64.Build.0 = Debug|Any CPU
		{EDFABA8D-E4CB-436D-946E-68D3B9CC8834}.Debug|x86.ActiveCfg = Debug|Any CPU
		{EDFABA8D-E4CB-436D-946E-68D3B9CC8834}.Debug|x86.Build.0 = Debug|Any CPU
		{EDFABA8D-E4CB-436D-946E-68D3B9CC8834}.Release|Any CPU.ActiveCfg = Release|Any CPU
		{EDFABA8D-E4CB-436D-946E-68D3B9CC8834}.Release|Any CPU.Build.0 = Release|Any CPU
		{EDFABA8D-E4CB-436D-946E-68D3B9CC8834}.Release|ARM.ActiveCfg = Release|Any CPU
		{EDFABA8D-E4CB-436D-946E-68D3B9CC8834}.Release|ARM.Build.0 = Release|Any CPU
		{EDFABA8D-E4CB-436D-946E-68D3B9CC8834}.Release|ARM64.ActiveCfg = Release|Any CPU
		{EDFABA8D-E4CB-436D-946E-68D3B9CC8834}.Release|ARM64.Build.0 = Release|Any CPU
		{EDFABA8D-E4CB-436D-946E-68D3B9CC8834}.Release|x64.ActiveCfg = Release|Any CPU
		{EDFABA8D-E4CB-436D-946E-68D3B9CC8834}.Release|x64.Build.0 = Release|Any CPU
		{EDFABA8D-E4CB-436D-946E-68D3B9CC8834}.Release|x86.ActiveCfg = Release|Any CPU
		{EDFABA8D-E4CB-436D-946E-68D3B9CC8834}.Release|x86.Build.0 = Release|Any CPU
		{93DF63CD-B8CB-46AB-8CFF-ABCC1DE9A235}.Debug|Any CPU.ActiveCfg = Debug|Any CPU
		{93DF63CD-B8CB-46AB-8CFF-ABCC1DE9A235}.Debug|Any CPU.Build.0 = Debug|Any CPU
		{93DF63CD-B8CB-46AB-8CFF-ABCC1DE9A235}.Debug|ARM.ActiveCfg = Debug|Any CPU
		{93DF63CD-B8CB-46AB-8CFF-ABCC1DE9A235}.Debug|ARM.Build.0 = Debug|Any CPU
		{93DF63CD-B8CB-46AB-8CFF-ABCC1DE9A235}.Debug|ARM64.ActiveCfg = Debug|Any CPU
		{93DF63CD-B8CB-46AB-8CFF-ABCC1DE9A235}.Debug|ARM64.Build.0 = Debug|Any CPU
		{93DF63CD-B8CB-46AB-8CFF-ABCC1DE9A235}.Debug|x64.ActiveCfg = Debug|Any CPU
		{93DF63CD-B8CB-46AB-8CFF-ABCC1DE9A235}.Debug|x64.Build.0 = Debug|Any CPU
		{93DF63CD-B8CB-46AB-8CFF-ABCC1DE9A235}.Debug|x86.ActiveCfg = Debug|Any CPU
		{93DF63CD-B8CB-46AB-8CFF-ABCC1DE9A235}.Debug|x86.Build.0 = Debug|Any CPU
		{93DF63CD-B8CB-46AB-8CFF-ABCC1DE9A235}.Release|Any CPU.ActiveCfg = Release|Any CPU
		{93DF63CD-B8CB-46AB-8CFF-ABCC1DE9A235}.Release|Any CPU.Build.0 = Release|Any CPU
		{93DF63CD-B8CB-46AB-8CFF-ABCC1DE9A235}.Release|ARM.ActiveCfg = Release|Any CPU
		{93DF63CD-B8CB-46AB-8CFF-ABCC1DE9A235}.Release|ARM.Build.0 = Release|Any CPU
		{93DF63CD-B8CB-46AB-8CFF-ABCC1DE9A235}.Release|ARM64.ActiveCfg = Release|Any CPU
		{93DF63CD-B8CB-46AB-8CFF-ABCC1DE9A235}.Release|ARM64.Build.0 = Release|Any CPU
		{93DF63CD-B8CB-46AB-8CFF-ABCC1DE9A235}.Release|x64.ActiveCfg = Release|Any CPU
		{93DF63CD-B8CB-46AB-8CFF-ABCC1DE9A235}.Release|x64.Build.0 = Release|Any CPU
		{93DF63CD-B8CB-46AB-8CFF-ABCC1DE9A235}.Release|x86.ActiveCfg = Release|Any CPU
		{93DF63CD-B8CB-46AB-8CFF-ABCC1DE9A235}.Release|x86.Build.0 = Release|Any CPU
		{214AF375-9FDD-4AA4-92AF-3F4347A3474C}.Debug|Any CPU.ActiveCfg = Debug|Any CPU
		{214AF375-9FDD-4AA4-92AF-3F4347A3474C}.Debug|Any CPU.Build.0 = Debug|Any CPU
		{214AF375-9FDD-4AA4-92AF-3F4347A3474C}.Debug|ARM.ActiveCfg = Debug|Any CPU
		{214AF375-9FDD-4AA4-92AF-3F4347A3474C}.Debug|ARM.Build.0 = Debug|Any CPU
		{214AF375-9FDD-4AA4-92AF-3F4347A3474C}.Debug|ARM64.ActiveCfg = Debug|Any CPU
		{214AF375-9FDD-4AA4-92AF-3F4347A3474C}.Debug|ARM64.Build.0 = Debug|Any CPU
		{214AF375-9FDD-4AA4-92AF-3F4347A3474C}.Debug|x64.ActiveCfg = Debug|Any CPU
		{214AF375-9FDD-4AA4-92AF-3F4347A3474C}.Debug|x64.Build.0 = Debug|Any CPU
		{214AF375-9FDD-4AA4-92AF-3F4347A3474C}.Debug|x86.ActiveCfg = Debug|Any CPU
		{214AF375-9FDD-4AA4-92AF-3F4347A3474C}.Debug|x86.Build.0 = Debug|Any CPU
		{214AF375-9FDD-4AA4-92AF-3F4347A3474C}.Release|Any CPU.ActiveCfg = Release|Any CPU
		{214AF375-9FDD-4AA4-92AF-3F4347A3474C}.Release|Any CPU.Build.0 = Release|Any CPU
		{214AF375-9FDD-4AA4-92AF-3F4347A3474C}.Release|ARM.ActiveCfg = Release|Any CPU
		{214AF375-9FDD-4AA4-92AF-3F4347A3474C}.Release|ARM.Build.0 = Release|Any CPU
		{214AF375-9FDD-4AA4-92AF-3F4347A3474C}.Release|ARM64.ActiveCfg = Release|Any CPU
		{214AF375-9FDD-4AA4-92AF-3F4347A3474C}.Release|ARM64.Build.0 = Release|Any CPU
		{214AF375-9FDD-4AA4-92AF-3F4347A3474C}.Release|x64.ActiveCfg = Release|Any CPU
		{214AF375-9FDD-4AA4-92AF-3F4347A3474C}.Release|x64.Build.0 = Release|Any CPU
		{214AF375-9FDD-4AA4-92AF-3F4347A3474C}.Release|x86.ActiveCfg = Release|Any CPU
		{214AF375-9FDD-4AA4-92AF-3F4347A3474C}.Release|x86.Build.0 = Release|Any CPU
		{749ABA34-E47E-4890-9872-6264FCD17B6E}.Debug|Any CPU.ActiveCfg = Debug|x64
		{749ABA34-E47E-4890-9872-6264FCD17B6E}.Debug|Any CPU.Build.0 = Debug|x64
		{749ABA34-E47E-4890-9872-6264FCD17B6E}.Debug|ARM.ActiveCfg = Debug|x64
		{749ABA34-E47E-4890-9872-6264FCD17B6E}.Debug|ARM64.ActiveCfg = Debug|x64
		{749ABA34-E47E-4890-9872-6264FCD17B6E}.Debug|x64.ActiveCfg = Debug|x64
		{749ABA34-E47E-4890-9872-6264FCD17B6E}.Debug|x64.Build.0 = Debug|x64
		{749ABA34-E47E-4890-9872-6264FCD17B6E}.Debug|x64.Deploy.0 = Debug|x64
		{749ABA34-E47E-4890-9872-6264FCD17B6E}.Debug|x86.ActiveCfg = Debug|x64
		{749ABA34-E47E-4890-9872-6264FCD17B6E}.Release|Any CPU.ActiveCfg = Release|x64
		{749ABA34-E47E-4890-9872-6264FCD17B6E}.Release|Any CPU.Build.0 = Release|x64
		{749ABA34-E47E-4890-9872-6264FCD17B6E}.Release|Any CPU.Deploy.0 = Release|x64
		{749ABA34-E47E-4890-9872-6264FCD17B6E}.Release|ARM.ActiveCfg = Release|x64
		{749ABA34-E47E-4890-9872-6264FCD17B6E}.Release|ARM64.ActiveCfg = Release|x64
		{749ABA34-E47E-4890-9872-6264FCD17B6E}.Release|x64.ActiveCfg = Release|x64
		{749ABA34-E47E-4890-9872-6264FCD17B6E}.Release|x64.Build.0 = Release|x64
		{749ABA34-E47E-4890-9872-6264FCD17B6E}.Release|x64.Deploy.0 = Release|x64
		{749ABA34-E47E-4890-9872-6264FCD17B6E}.Release|x86.ActiveCfg = Release|x64
		{85AFDA64-4A2E-437A-B422-8DE020E2B18E}.Debug|Any CPU.ActiveCfg = Debug|Any CPU
		{85AFDA64-4A2E-437A-B422-8DE020E2B18E}.Debug|Any CPU.Build.0 = Debug|Any CPU
		{85AFDA64-4A2E-437A-B422-8DE020E2B18E}.Debug|ARM.ActiveCfg = Debug|Any CPU
		{85AFDA64-4A2E-437A-B422-8DE020E2B18E}.Debug|ARM.Build.0 = Debug|Any CPU
		{85AFDA64-4A2E-437A-B422-8DE020E2B18E}.Debug|ARM64.ActiveCfg = Debug|Any CPU
		{85AFDA64-4A2E-437A-B422-8DE020E2B18E}.Debug|ARM64.Build.0 = Debug|Any CPU
		{85AFDA64-4A2E-437A-B422-8DE020E2B18E}.Debug|x64.ActiveCfg = Debug|Any CPU
		{85AFDA64-4A2E-437A-B422-8DE020E2B18E}.Debug|x64.Build.0 = Debug|Any CPU
		{85AFDA64-4A2E-437A-B422-8DE020E2B18E}.Debug|x86.ActiveCfg = Debug|Any CPU
		{85AFDA64-4A2E-437A-B422-8DE020E2B18E}.Debug|x86.Build.0 = Debug|Any CPU
		{85AFDA64-4A2E-437A-B422-8DE020E2B18E}.Release|Any CPU.ActiveCfg = Release|Any CPU
		{85AFDA64-4A2E-437A-B422-8DE020E2B18E}.Release|Any CPU.Build.0 = Release|Any CPU
		{85AFDA64-4A2E-437A-B422-8DE020E2B18E}.Release|ARM.ActiveCfg = Release|Any CPU
		{85AFDA64-4A2E-437A-B422-8DE020E2B18E}.Release|ARM.Build.0 = Release|Any CPU
		{85AFDA64-4A2E-437A-B422-8DE020E2B18E}.Release|ARM64.ActiveCfg = Release|Any CPU
		{85AFDA64-4A2E-437A-B422-8DE020E2B18E}.Release|ARM64.Build.0 = Release|Any CPU
		{85AFDA64-4A2E-437A-B422-8DE020E2B18E}.Release|x64.ActiveCfg = Release|Any CPU
		{85AFDA64-4A2E-437A-B422-8DE020E2B18E}.Release|x64.Build.0 = Release|Any CPU
		{85AFDA64-4A2E-437A-B422-8DE020E2B18E}.Release|x86.ActiveCfg = Release|Any CPU
		{85AFDA64-4A2E-437A-B422-8DE020E2B18E}.Release|x86.Build.0 = Release|Any CPU
	EndGlobalSection
	GlobalSection(SolutionProperties) = preSolution
		HideSolutionNode = FALSE
	EndGlobalSection
	GlobalSection(ExtensibilityGlobals) = postSolution
		SolutionGuid = {734024C5-7425-4F36-A8ED-E2B5844FA597}
	EndGlobalSection
EndGlobal
