
Microsoft Visual Studio Solution File, Format Version 12.00
# Visual Studio Version 17
VisualStudioVersion = 17.4.33205.214
MinimumVisualStudioVersion = 10.0.40219.1
Project("{9A19103F-16F7-4668-BE54-9A1E7A4F7556}") = "MatroskaBatchToolBox", "MatroskaBatchToolBox\MatroskaBatchToolBox.csproj", "{E04D65E4-FE0D-4D24-BE4E-E90D302BE994}"
EndProject
Project("{9A19103F-16F7-4668-BE54-9A1E7A4F7556}") = "Experiment", "Experiment\Experiment.csproj", "{6BEB6077-E905-4754-9B95-FD9E8CD95F1C}"
EndProject
Project("{9A19103F-16F7-4668-BE54-9A1E7A4F7556}") = "EncoderBenchmarkTest", "EncoderBenchmarkTest\EncoderBenchmarkTest.csproj", "{83940C16-51B2-46E4-BA0E-ECC1AB87D9CA}"
EndProject
Project("{9A19103F-16F7-4668-BE54-9A1E7A4F7556}") = "CalcVMAF", "CalcVMAF\CalcVMAF.csproj", "{361666FF-66E1-4A32-B63A-8512C49EDB35}"
EndProject
Project("{9A19103F-16F7-4668-BE54-9A1E7A4F7556}") = "ChapterConverter", "ChapterConverter\ChapterConverter.csproj", "{FE5EE9EB-7E51-4C4A-9840-3ED049F51F6C}"
EndProject
Project("{FAE04EC0-301F-11D3-BF4B-00C04F79EFBC}") = "Utility", "Utility\Utility.csproj", "{72B2D0EA-4D02-4434-8AD8-F4A013943C95}"
EndProject
Global
	GlobalSection(SolutionConfigurationPlatforms) = preSolution
		Debug|Any CPU = Debug|Any CPU
		Release|Any CPU = Release|Any CPU
	EndGlobalSection
	GlobalSection(ProjectConfigurationPlatforms) = postSolution
		{E04D65E4-FE0D-4D24-BE4E-E90D302BE994}.Debug|Any CPU.ActiveCfg = Debug|Any CPU
		{E04D65E4-FE0D-4D24-BE4E-E90D302BE994}.Debug|Any CPU.Build.0 = Debug|Any CPU
		{E04D65E4-FE0D-4D24-BE4E-E90D302BE994}.Release|Any CPU.ActiveCfg = Release|Any CPU
		{E04D65E4-FE0D-4D24-BE4E-E90D302BE994}.Release|Any CPU.Build.0 = Release|Any CPU
		{6BEB6077-E905-4754-9B95-FD9E8CD95F1C}.Debug|Any CPU.ActiveCfg = Debug|Any CPU
		{6BEB6077-E905-4754-9B95-FD9E8CD95F1C}.Debug|Any CPU.Build.0 = Debug|Any CPU
		{6BEB6077-E905-4754-9B95-FD9E8CD95F1C}.Release|Any CPU.ActiveCfg = Release|Any CPU
		{6BEB6077-E905-4754-9B95-FD9E8CD95F1C}.Release|Any CPU.Build.0 = Release|Any CPU
		{83940C16-51B2-46E4-BA0E-ECC1AB87D9CA}.Debug|Any CPU.ActiveCfg = Debug|Any CPU
		{83940C16-51B2-46E4-BA0E-ECC1AB87D9CA}.Debug|Any CPU.Build.0 = Debug|Any CPU
		{83940C16-51B2-46E4-BA0E-ECC1AB87D9CA}.Release|Any CPU.ActiveCfg = Release|Any CPU
		{83940C16-51B2-46E4-BA0E-ECC1AB87D9CA}.Release|Any CPU.Build.0 = Release|Any CPU
		{361666FF-66E1-4A32-B63A-8512C49EDB35}.Debug|Any CPU.ActiveCfg = Debug|Any CPU
		{361666FF-66E1-4A32-B63A-8512C49EDB35}.Debug|Any CPU.Build.0 = Debug|Any CPU
		{361666FF-66E1-4A32-B63A-8512C49EDB35}.Release|Any CPU.ActiveCfg = Release|Any CPU
		{361666FF-66E1-4A32-B63A-8512C49EDB35}.Release|Any CPU.Build.0 = Release|Any CPU
		{FE5EE9EB-7E51-4C4A-9840-3ED049F51F6C}.Debug|Any CPU.ActiveCfg = Debug|Any CPU
		{FE5EE9EB-7E51-4C4A-9840-3ED049F51F6C}.Debug|Any CPU.Build.0 = Debug|Any CPU
		{FE5EE9EB-7E51-4C4A-9840-3ED049F51F6C}.Release|Any CPU.ActiveCfg = Release|Any CPU
		{FE5EE9EB-7E51-4C4A-9840-3ED049F51F6C}.Release|Any CPU.Build.0 = Release|Any CPU
		{72B2D0EA-4D02-4434-8AD8-F4A013943C95}.Debug|Any CPU.ActiveCfg = Debug|Any CPU
		{72B2D0EA-4D02-4434-8AD8-F4A013943C95}.Debug|Any CPU.Build.0 = Debug|Any CPU
		{72B2D0EA-4D02-4434-8AD8-F4A013943C95}.Release|Any CPU.ActiveCfg = Release|Any CPU
		{72B2D0EA-4D02-4434-8AD8-F4A013943C95}.Release|Any CPU.Build.0 = Release|Any CPU
	EndGlobalSection
	GlobalSection(SolutionProperties) = preSolution
		HideSolutionNode = FALSE
	EndGlobalSection
	GlobalSection(ExtensibilityGlobals) = postSolution
		SolutionGuid = {734024C5-7425-4F36-A8ED-E2B5844FA597}
	EndGlobalSection
EndGlobal
